
Microsoft Visual Studio Solution File, Format Version 12.00
# Visual Studio Version 17
VisualStudioVersion = 17.12.35527.113 d17.12
MinimumVisualStudioVersion = 10.0.40219.1
Project("{FAE04EC0-301F-11D3-BF4B-00C04F79EFBC}") = "Class01", "Class01\Class01.csproj", "{40B378B0-48DD-44FF-883E-C68ECC096CCC}"
EndProject
Global
	GlobalSection(SolutionConfigurationPlatforms) = preSolution
		Debug|Any CPU = Debug|Any CPU
		Release|Any CPU = Release|Any CPU
	EndGlobalSection
	GlobalSection(ProjectConfigurationPlatforms) = postSolution
		{40B378B0-48DD-44FF-883E-C68ECC096CCC}.Debug|Any CPU.ActiveCfg = Debug|Any CPU
		{40B378B0-48DD-44FF-883E-C68ECC096CCC}.Debug|Any CPU.Build.0 = Debug|Any CPU
		{40B378B0-48DD-44FF-883E-C68ECC096CCC}.Release|Any CPU.ActiveCfg = Release|Any CPU
		{40B378B0-48DD-44FF-883E-C68ECC096CCC}.Release|Any CPU.Build.0 = Release|Any CPU
	EndGlobalSection
	GlobalSection(SolutionProperties) = preSolution
		HideSolutionNode = FALSE
	EndGlobalSection
EndGlobal
